
Microsoft Visual Studio Solution File, Format Version 12.00
# Visual Studio Version 17
VisualStudioVersion = 17.5.002.0
MinimumVisualStudioVersion = 10.0.40219.1
Project("{9A19103F-16F7-4668-BE54-9A1E7A4F7556}") = "gestionRestaurante", "gestionRestaurante\gestionRestaurante.csproj", "{540C844B-B3CA-4A4D-8919-0613C78E4F50}"
EndProject
Global
	GlobalSection(SolutionConfigurationPlatforms) = preSolution
		Debug|Any CPU = Debug|Any CPU
		Release|Any CPU = Release|Any CPU
	EndGlobalSection
	GlobalSection(ProjectConfigurationPlatforms) = postSolution
		{540C844B-B3CA-4A4D-8919-0613C78E4F50}.Debug|Any CPU.ActiveCfg = Debug|Any CPU
		{540C844B-B3CA-4A4D-8919-0613C78E4F50}.Debug|Any CPU.Build.0 = Debug|Any CPU
		{540C844B-B3CA-4A4D-8919-0613C78E4F50}.Release|Any CPU.ActiveCfg = Release|Any CPU
		{540C844B-B3CA-4A4D-8919-0613C78E4F50}.Release|Any CPU.Build.0 = Release|Any CPU
	EndGlobalSection
	GlobalSection(SolutionProperties) = preSolution
		HideSolutionNode = FALSE
	EndGlobalSection
	GlobalSection(ExtensibilityGlobals) = postSolution
		SolutionGuid = {03F7B676-FBCE-48EE-8975-E0826BC0D9B7}
	EndGlobalSection
EndGlobal
